
Microsoft Visual Studio Solution File, Format Version 12.00
# Visual Studio Version 16
VisualStudioVersion = 16.0.28922.388
MinimumVisualStudioVersion = 10.0.40219.1
Project("{6EC3EE1D-3C4E-46DD-8F32-0CC8E7565705}") = "AsraLang", "AsraLang\AsraLang.fsproj", "{212EEC38-4FD2-46D7-B728-0E2E76E49920}"
EndProject
Project("{6EC3EE1D-3C4E-46DD-8F32-0CC8E7565705}") = "AsraLang.Compiler", "AsraLang.Compiler\AsraLang.Compiler.fsproj", "{57686F7F-5815-4324-B4F2-7D98E8F9CD99}"
EndProject
Project("{6EC3EE1D-3C4E-46DD-8F32-0CC8E7565705}") = "AsraLang.Test", "AsraLang.Test\AsraLang.Test.fsproj", "{AFB890E6-5EDC-480E-8354-F71D39482080}"
EndProject
Project("{F2A71F9B-5D33-465A-A702-920D77279786}") = "AsraLang.IntegrationTests", "AsraLang.IntegrationTests\AsraLang.IntegrationTests.fsproj", "{7FECDFF0-6BC4-417A-B2D5-C583159AC1AD}"
EndProject
Global
	GlobalSection(SolutionConfigurationPlatforms) = preSolution
		Debug|Any CPU = Debug|Any CPU
		Release|Any CPU = Release|Any CPU
	EndGlobalSection
	GlobalSection(ProjectConfigurationPlatforms) = postSolution
		{212EEC38-4FD2-46D7-B728-0E2E76E49920}.Debug|Any CPU.ActiveCfg = Debug|Any CPU
		{212EEC38-4FD2-46D7-B728-0E2E76E49920}.Debug|Any CPU.Build.0 = Debug|Any CPU
		{212EEC38-4FD2-46D7-B728-0E2E76E49920}.Release|Any CPU.ActiveCfg = Release|Any CPU
		{212EEC38-4FD2-46D7-B728-0E2E76E49920}.Release|Any CPU.Build.0 = Release|Any CPU
		{57686F7F-5815-4324-B4F2-7D98E8F9CD99}.Debug|Any CPU.ActiveCfg = Debug|Any CPU
		{57686F7F-5815-4324-B4F2-7D98E8F9CD99}.Debug|Any CPU.Build.0 = Debug|Any CPU
		{57686F7F-5815-4324-B4F2-7D98E8F9CD99}.Release|Any CPU.ActiveCfg = Release|Any CPU
		{57686F7F-5815-4324-B4F2-7D98E8F9CD99}.Release|Any CPU.Build.0 = Release|Any CPU
		{AFB890E6-5EDC-480E-8354-F71D39482080}.Debug|Any CPU.ActiveCfg = Debug|Any CPU
		{AFB890E6-5EDC-480E-8354-F71D39482080}.Debug|Any CPU.Build.0 = Debug|Any CPU
		{AFB890E6-5EDC-480E-8354-F71D39482080}.Release|Any CPU.ActiveCfg = Release|Any CPU
		{AFB890E6-5EDC-480E-8354-F71D39482080}.Release|Any CPU.Build.0 = Release|Any CPU
		{7FECDFF0-6BC4-417A-B2D5-C583159AC1AD}.Debug|Any CPU.ActiveCfg = Debug|Any CPU
		{7FECDFF0-6BC4-417A-B2D5-C583159AC1AD}.Debug|Any CPU.Build.0 = Debug|Any CPU
		{7FECDFF0-6BC4-417A-B2D5-C583159AC1AD}.Release|Any CPU.ActiveCfg = Release|Any CPU
		{7FECDFF0-6BC4-417A-B2D5-C583159AC1AD}.Release|Any CPU.Build.0 = Release|Any CPU
	EndGlobalSection
	GlobalSection(SolutionProperties) = preSolution
		HideSolutionNode = FALSE
	EndGlobalSection
	GlobalSection(ExtensibilityGlobals) = postSolution
		SolutionGuid = {71049D3E-C6EE-45C2-9FCD-3AD884135F29}
	EndGlobalSection
EndGlobal
